github.com/2022heartbeat/Tiktok v0.0.0-20230202044318-977ba54f9499 h1:ZRcuVDLBMNBc8OM1j0scx1hUCFZ2/g783qEIfckgodg=
github.com/2022heartbeat/Tiktok v0.0.0-20230202044318-977ba54f9499/go.mod h1:vlux/vrdqNMU11m7b4qFFzhXIN2kXSVIUNyS+GhBNQ4=
github.com/RaymondCode/simple-demo v0.0.0-20230109111057-5031aee01508 h1:a/qP2Tp/rJShjC5z2QRS127Mz772K9ZFYGjhiV8k8FA=
github.com/RaymondCode/simple-demo v0.0.0-20230109111057-5031aee01508/go.mod h1:XMO1NCRwu+8CnhAGPnCR+YgZPzl1kHER/d69V564Af0=
